
Microsoft Visual Studio Solution File, Format Version 12.00
# Visual Studio Version 16
VisualStudioVersion = 16.0.31313.79
MinimumVisualStudioVersion = 10.0.40219.1
Project("{9A19103F-16F7-4668-BE54-9A1E7A4F7556}") = "WebApp", "WebApp\WebApp.csproj", "{A4A4F4AA-F0D2-478A-BA5C-34CB601BC5DD}"
EndProject
Project("{2150E333-8FDC-42A3-9474-1A3956D46DE8}") = "Solution Items", "Solution Items", "{05A8AA49-D712-46E1-BAC8-0921CB66ABD9}"
	ProjectSection(SolutionItems) = preProject
		.editorconfig = .editorconfig
		.gitattributes = .gitattributes
		.gitignore = .gitignore
		LICENSE = LICENSE
		README.md = README.md
	EndProjectSection
EndProject
Project("{FAE04EC0-301F-11D3-BF4B-00C04F79EFBC}") = "WebApp.Tests", "WebApp.Tests\WebApp.Tests.csproj", "{4BAECFAF-BD3B-49AD-BCF1-2C47FCC84E95}"
EndProject
Project("{FAE04EC0-301F-11D3-BF4B-00C04F79EFBC}") = "WebAppTests", "WebAppTests\WebAppTests.csproj", "{C6C1FB30-9DDD-44BF-B915-59C0BE2EEA60}"
EndProject
Global
	GlobalSection(SolutionConfigurationPlatforms) = preSolution
		Debug|Any CPU = Debug|Any CPU
		Release|Any CPU = Release|Any CPU
	EndGlobalSection
	GlobalSection(ProjectConfigurationPlatforms) = postSolution
		{A4A4F4AA-F0D2-478A-BA5C-34CB601BC5DD}.Debug|Any CPU.ActiveCfg = Debug|Any CPU
		{A4A4F4AA-F0D2-478A-BA5C-34CB601BC5DD}.Debug|Any CPU.Build.0 = Debug|Any CPU
		{A4A4F4AA-F0D2-478A-BA5C-34CB601BC5DD}.Release|Any CPU.ActiveCfg = Release|Any CPU
		{A4A4F4AA-F0D2-478A-BA5C-34CB601BC5DD}.Release|Any CPU.Build.0 = Release|Any CPU
		{4BAECFAF-BD3B-49AD-BCF1-2C47FCC84E95}.Debug|Any CPU.ActiveCfg = Debug|Any CPU
		{4BAECFAF-BD3B-49AD-BCF1-2C47FCC84E95}.Debug|Any CPU.Build.0 = Debug|Any CPU
		{4BAECFAF-BD3B-49AD-BCF1-2C47FCC84E95}.Release|Any CPU.ActiveCfg = Release|Any CPU
		{4BAECFAF-BD3B-49AD-BCF1-2C47FCC84E95}.Release|Any CPU.Build.0 = Release|Any CPU
		{C6C1FB30-9DDD-44BF-B915-59C0BE2EEA60}.Debug|Any CPU.ActiveCfg = Debug|Any CPU
		{C6C1FB30-9DDD-44BF-B915-59C0BE2EEA60}.Debug|Any CPU.Build.0 = Debug|Any CPU
		{C6C1FB30-9DDD-44BF-B915-59C0BE2EEA60}.Release|Any CPU.ActiveCfg = Release|Any CPU
		{C6C1FB30-9DDD-44BF-B915-59C0BE2EEA60}.Release|Any CPU.Build.0 = Release|Any CPU
	EndGlobalSection
	GlobalSection(SolutionProperties) = preSolution
		HideSolutionNode = FALSE
	EndGlobalSection
	GlobalSection(ExtensibilityGlobals) = postSolution
		SolutionGuid = {34C53304-2C9C-44E3-AA7E-23B5499D3287}
	EndGlobalSection
EndGlobal
